
Microsoft Visual Studio Solution File, Format Version 12.00
# Visual Studio Version 17
VisualStudioVersion = 17.2.32630.192
MinimumVisualStudioVersion = 10.0.40219.1
Project("{9A19103F-16F7-4668-BE54-9A1E7A4F7556}") = "R5T.T0253", "R5T.T0253\R5T.T0253.csproj", "{8F02F873-14CF-4EB8-AF97-C5E1B9460993}"
EndProject
Project("{2150E333-8FDC-42A3-9474-1A3956D46DE8}") = "_Dependencies", "_Dependencies", "{F0F0A810-DEE1-4503-9205-25F46C45D2BC}"
EndProject
Project("{9A19103F-16F7-4668-BE54-9A1E7A4F7556}") = "R5T.F0000", "..\..\R5T.F0000\source\R5T.F0000\R5T.F0000.csproj", "{59DE7849-CF6F-47FF-BEA4-A44AAAF66CB2}"
EndProject
Project("{9A19103F-16F7-4668-BE54-9A1E7A4F7556}") = "R5T.F0002", "..\..\R5T.F0002\source\R5T.F0002\R5T.F0002.csproj", "{8C94A98F-4F8D-40C6-8FC2-2A5B1878084C}"
EndProject
Project("{9A19103F-16F7-4668-BE54-9A1E7A4F7556}") = "R5T.F0059", "..\..\R5T.F0059\source\R5T.F0059\R5T.F0059.csproj", "{BA53C6BC-6E33-4458-9E00-77104112238B}"
EndProject
Project("{9A19103F-16F7-4668-BE54-9A1E7A4F7556}") = "R5T.F0120", "..\..\R5T.F0120\source\R5T.F0120\R5T.F0120.csproj", "{095E5722-368D-45CC-B765-D7ECFA31AC23}"
EndProject
Project("{9A19103F-16F7-4668-BE54-9A1E7A4F7556}") = "R5T.F0124", "..\..\R5T.F0124\source\R5T.F0124\R5T.F0124.csproj", "{716DCFBE-C21D-401B-A6B3-CC45A867AE53}"
EndProject
Project("{9A19103F-16F7-4668-BE54-9A1E7A4F7556}") = "R5T.F0125", "..\..\R5T.F0125\source\R5T.F0125\R5T.F0125.csproj", "{97EB6B97-C049-454C-BFC9-A6257FE652BD}"
EndProject
Project("{9A19103F-16F7-4668-BE54-9A1E7A4F7556}") = "R5T.L0030.T000", "..\..\R5T.L0030\source\R5T.L0030.T000\R5T.L0030.T000.csproj", "{190F88A4-3923-4A77-986E-07C19CE6EB90}"
EndProject
Project("{9A19103F-16F7-4668-BE54-9A1E7A4F7556}") = "R5T.L0030", "..\..\R5T.L0030\source\R5T.L0030\R5T.L0030.csproj", "{B41C6CBF-763D-46DB-874B-316135D8A957}"
EndProject
Project("{9A19103F-16F7-4668-BE54-9A1E7A4F7556}") = "R5T.L0034", "..\..\R5T.L0034\source\R5T.L0034\R5T.L0034.csproj", "{0D2C7214-79D1-47D7-8F16-86667C1A1D4F}"
EndProject
Project("{9A19103F-16F7-4668-BE54-9A1E7A4F7556}") = "R5T.L0035", "..\..\R5T.L0035\source\R5T.L0035\R5T.L0035.csproj", "{9FE90A35-70BD-41F2-BB55-ABC51B20E545}"
EndProject
Project("{9A19103F-16F7-4668-BE54-9A1E7A4F7556}") = "R5T.L0053", "..\..\R5T.L0053\source\R5T.L0053\R5T.L0053.csproj", "{82AE2C36-93BD-4A54-8804-1C52E73896D7}"
EndProject
Project("{9A19103F-16F7-4668-BE54-9A1E7A4F7556}") = "R5T.L0056", "..\..\R5T.L0056\source\R5T.L0056\R5T.L0056.csproj", "{524E9B9E-13FC-41C8-B68C-8BA8AFBA1E32}"
EndProject
Project("{9A19103F-16F7-4668-BE54-9A1E7A4F7556}") = "R5T.L0066", "..\..\R5T.L0066\source\R5T.L0066\R5T.L0066.csproj", "{560A24C1-4815-487B-8E22-0CA23C5D9249}"
EndProject
Project("{9A19103F-16F7-4668-BE54-9A1E7A4F7556}") = "R5T.L0071", "..\..\R5T.L0071\source\R5T.L0071\R5T.L0071.csproj", "{403E600B-1D5E-4760-A834-25C4A4EA9B4D}"
EndProject
Project("{9A19103F-16F7-4668-BE54-9A1E7A4F7556}") = "R5T.L0074", "..\..\R5T.L0074\source\R5T.L0074\R5T.L0074.csproj", "{F15EFF56-3FE4-4690-866B-421FA3A80891}"
EndProject
Project("{9A19103F-16F7-4668-BE54-9A1E7A4F7556}") = "R5T.L0089.F000", "..\..\R5T.L0089\source\R5T.L0089.F000\R5T.L0089.F000.csproj", "{A0CEF366-B1B7-4AA7-977D-5772B3B6A44A}"
EndProject
Project("{9A19103F-16F7-4668-BE54-9A1E7A4F7556}") = "R5T.L0089.T000", "..\..\R5T.L0089\source\R5T.L0089.T000\R5T.L0089.T000.csproj", "{AC2B7DD9-D45F-4634-AAB2-2BE65DAB33AD}"
EndProject
Project("{9A19103F-16F7-4668-BE54-9A1E7A4F7556}") = "R5T.L0089", "..\..\R5T.L0089\source\R5T.L0089\R5T.L0089.csproj", "{878D132F-7385-43A5-98B8-58A0FFB01486}"
EndProject
Project("{9A19103F-16F7-4668-BE54-9A1E7A4F7556}") = "R5T.NG0006", "..\..\R5T.NG0006\source\R5T.NG0006\R5T.NG0006.csproj", "{018F4745-EC6B-4525-B776-3C6D2614137A}"
EndProject
Project("{9A19103F-16F7-4668-BE54-9A1E7A4F7556}") = "R5T.NG0022", "..\..\R5T.NG0022\source\R5T.NG0022\R5T.NG0022.csproj", "{C3368228-68AC-4664-A888-6CBB40B26F2D}"
EndProject
Project("{9A19103F-16F7-4668-BE54-9A1E7A4F7556}") = "R5T.T0131", "..\..\R5T.T0131\source\R5T.T0131\R5T.T0131.csproj", "{BAA1BC9A-8B7B-42BF-BC6C-B3D62BC6DBF3}"
EndProject
Project("{9A19103F-16F7-4668-BE54-9A1E7A4F7556}") = "R5T.T0132", "..\..\R5T.T0132\source\R5T.T0132\R5T.T0132.csproj", "{8B60C6DA-9347-4254-9F1D-B707FDCFDB49}"
EndProject
Project("{9A19103F-16F7-4668-BE54-9A1E7A4F7556}") = "R5T.T0142", "..\..\R5T.T0142\source\R5T.T0142\R5T.T0142.csproj", "{755246C8-FA1A-4B57-BC64-E095543D0343}"
EndProject
Project("{9A19103F-16F7-4668-BE54-9A1E7A4F7556}") = "R5T.T0143", "..\..\R5T.T0143\source\R5T.T0143\R5T.T0143.csproj", "{973C6CC8-3B63-4005-B8FA-3CE8ADC98DD2}"
EndProject
Project("{9A19103F-16F7-4668-BE54-9A1E7A4F7556}") = "R5T.T0150", "..\..\R5T.T0150\source\R5T.T0150\R5T.T0150.csproj", "{CAF1C981-D806-419F-AFA7-E7573717864C}"
EndProject
Project("{9A19103F-16F7-4668-BE54-9A1E7A4F7556}") = "R5T.T0151", "..\..\R5T.T0151\source\R5T.T0151\R5T.T0151.csproj", "{1C7E635A-9DE7-4E18-BA2E-D0108867296E}"
EndProject
Project("{9A19103F-16F7-4668-BE54-9A1E7A4F7556}") = "R5T.T0156", "..\..\R5T.T0156\source\R5T.T0156\R5T.T0156.csproj", "{F876DE4A-0ECD-44D4-9F0B-3387DE694DDC}"
EndProject
Project("{9A19103F-16F7-4668-BE54-9A1E7A4F7556}") = "R5T.T0158", "..\..\R5T.T0158\source\R5T.T0158\R5T.T0158.csproj", "{420218A5-4664-4D2C-9688-2FB46B0BF336}"
EndProject
Project("{9A19103F-16F7-4668-BE54-9A1E7A4F7556}") = "R5T.T0159", "..\..\R5T.T0159\source\R5T.T0159\R5T.T0159.csproj", "{488C1863-5D0E-4835-8E9E-A1908BDDDED5}"
EndProject
Project("{9A19103F-16F7-4668-BE54-9A1E7A4F7556}") = "R5T.T0172", "..\..\R5T.T0172\source\R5T.T0172\R5T.T0172.csproj", "{A869989B-90E4-44F5-B9DF-D17E7D95E22A}"
EndProject
Project("{9A19103F-16F7-4668-BE54-9A1E7A4F7556}") = "R5T.T0174", "..\..\R5T.T0174\source\R5T.T0174\R5T.T0174.csproj", "{282F993A-CD8F-4C17-90A8-A722715A1517}"
EndProject
Project("{9A19103F-16F7-4668-BE54-9A1E7A4F7556}") = "R5T.T0176", "..\..\R5T.T0176\source\R5T.T0176\R5T.T0176.csproj", "{6F4030C8-6B69-4F5C-BFE0-C3C327911609}"
EndProject
Project("{9A19103F-16F7-4668-BE54-9A1E7A4F7556}") = "R5T.T0177", "..\..\R5T.T0177\source\R5T.T0177\R5T.T0177.csproj", "{88E781BC-66D3-4A02-9C32-B34BF22DBFEC}"
EndProject
Project("{9A19103F-16F7-4668-BE54-9A1E7A4F7556}") = "R5T.T0178", "..\..\R5T.T0178\source\R5T.T0178\R5T.T0178.csproj", "{C81F05F0-66BA-4D95-A4EB-C318F46A6FF7}"
EndProject
Project("{9A19103F-16F7-4668-BE54-9A1E7A4F7556}") = "R5T.T0179", "..\..\R5T.T0179\source\R5T.T0179\R5T.T0179.csproj", "{CB4E6986-0425-472B-9977-1C3EF1009547}"
EndProject
Project("{9A19103F-16F7-4668-BE54-9A1E7A4F7556}") = "R5T.T0180", "..\..\R5T.T0180\source\R5T.T0180\R5T.T0180.csproj", "{C9169E78-920C-49DC-896F-C67D04D0DF7B}"
EndProject
Project("{9A19103F-16F7-4668-BE54-9A1E7A4F7556}") = "R5T.T0181", "..\..\R5T.T0181\source\R5T.T0181\R5T.T0181.csproj", "{00CAC302-59F1-497F-9C82-FC6359F1A11B}"
EndProject
Project("{9A19103F-16F7-4668-BE54-9A1E7A4F7556}") = "R5T.T0185", "..\..\R5T.T0185\source\R5T.T0185\R5T.T0185.csproj", "{D04068BB-F892-42AA-9D28-D109565C11DF}"
EndProject
Project("{9A19103F-16F7-4668-BE54-9A1E7A4F7556}") = "R5T.T0199.T000", "..\..\R5T.T0199\source\R5T.T0199.T000\R5T.T0199.T000.csproj", "{747B32AD-6F4E-45D1-8FF4-8E73C4A33A4F}"
EndProject
Project("{9A19103F-16F7-4668-BE54-9A1E7A4F7556}") = "R5T.T0199.T001", "..\..\R5T.T0199\source\R5T.T0199.T001\R5T.T0199.T001.csproj", "{DE1A3742-F28C-4AC7-89C2-40B615D97A82}"
EndProject
Project("{9A19103F-16F7-4668-BE54-9A1E7A4F7556}") = "R5T.T0199", "..\..\R5T.T0199\source\R5T.T0199\R5T.T0199.csproj", "{C4DE5B61-628D-47DA-B63E-0B528CC81051}"
EndProject
Project("{9A19103F-16F7-4668-BE54-9A1E7A4F7556}") = "R5T.T0203", "..\..\R5T.T0203\source\R5T.T0203\R5T.T0203.csproj", "{28DD389B-C930-42F8-B0FF-03055CDAE645}"
EndProject
Project("{9A19103F-16F7-4668-BE54-9A1E7A4F7556}") = "R5T.T0213", "..\..\R5T.T0213\source\R5T.T0213\R5T.T0213.csproj", "{4372DB18-1CFF-4E50-9613-850A47C551F8}"
EndProject
Project("{9A19103F-16F7-4668-BE54-9A1E7A4F7556}") = "R5T.T0218", "..\..\R5T.T0218\source\R5T.T0218\R5T.T0218.csproj", "{B19EEBFA-51E5-413B-93B1-C6422DAD35CF}"
EndProject
Project("{9A19103F-16F7-4668-BE54-9A1E7A4F7556}") = "R5T.T0219", "..\..\R5T.T0219\source\R5T.T0219\R5T.T0219.csproj", "{057EF322-8184-4691-8D70-3381F452293B}"
EndProject
Project("{9A19103F-16F7-4668-BE54-9A1E7A4F7556}") = "R5T.T0220", "..\..\R5T.T0220\source\R5T.T0220\R5T.T0220.csproj", "{B9D2DB77-2D12-4448-976E-E0634E7747EE}"
EndProject
Project("{9A19103F-16F7-4668-BE54-9A1E7A4F7556}") = "R5T.T0221", "..\..\R5T.T0221\source\R5T.T0221\R5T.T0221.csproj", "{283CA719-E1FC-4DB9-B569-B68F17CD57DF}"
EndProject
Project("{9A19103F-16F7-4668-BE54-9A1E7A4F7556}") = "R5T.T0227", "..\..\R5T.T0227\source\R5T.T0227\R5T.T0227.csproj", "{C7EDBC87-87D3-45E4-9621-567E27997BB3}"
EndProject
Project("{9A19103F-16F7-4668-BE54-9A1E7A4F7556}") = "R5T.T0241", "..\..\R5T.T0241\source\R5T.T0241\R5T.T0241.csproj", "{8E81DD20-8A02-4C94-BD75-A6C8DB7A4945}"
EndProject
Project("{9A19103F-16F7-4668-BE54-9A1E7A4F7556}") = "R5T.T0252", "..\..\R5T.T0252\source\R5T.T0252\R5T.T0252.csproj", "{C2395167-AFD4-4AC8-B6DB-CA87A2961825}"
EndProject
Project("{9A19103F-16F7-4668-BE54-9A1E7A4F7556}") = "R5T.Y0000", "..\..\R5T.Y0000\source\R5T.Y0000\R5T.Y0000.csproj", "{64E7AC7A-4997-4DA6-9B20-57181AB87D04}"
EndProject
Project("{9A19103F-16F7-4668-BE54-9A1E7A4F7556}") = "R5T.Y0006", "..\..\R5T.Y0006\source\R5T.Y0006\R5T.Y0006.csproj", "{1E3B6225-5D24-4A78-916D-4028BBD22E75}"
EndProject
Project("{9A19103F-16F7-4668-BE54-9A1E7A4F7556}") = "R5T.Z0000", "..\..\R5T.Z0000\source\R5T.Z0000\R5T.Z0000.csproj", "{9D06974F-66C8-49F2-A8C4-2E5FC0C0AE47}"
EndProject
Project("{9A19103F-16F7-4668-BE54-9A1E7A4F7556}") = "R5T.Z0057.Platform", "..\..\R5T.Z0057\source\R5T.Z0057.Platform\R5T.Z0057.Platform.csproj", "{E5A13515-54CA-47A9-9ABD-D4AD28523225}"
EndProject
Project("{9A19103F-16F7-4668-BE54-9A1E7A4F7556}") = "R5T.Z0057", "..\..\R5T.Z0057\source\R5T.Z0057\R5T.Z0057.csproj", "{89A0D7BE-9D3C-4CC9-8164-62705541CCF9}"
EndProject
Project("{9A19103F-16F7-4668-BE54-9A1E7A4F7556}") = "R5T.Z0058", "..\..\R5T.Z0058\source\R5T.Z0058\R5T.Z0058.csproj", "{5906C303-CDE9-4AE1-9194-F7EF6C9674FF}"
EndProject
Project("{9A19103F-16F7-4668-BE54-9A1E7A4F7556}") = "R5T.Z0072.Z000", "..\..\R5T.Z0072\source\R5T.Z0072.Z000\R5T.Z0072.Z000.csproj", "{FAF6FB49-4EAA-4A80-A874-D956EE64F0C9}"
EndProject
Project("{9A19103F-16F7-4668-BE54-9A1E7A4F7556}") = "R5T.Z0072.Z001", "..\..\R5T.Z0072\source\R5T.Z0072.Z001\R5T.Z0072.Z001.csproj", "{79DBE24A-C2C7-4FB2-83E9-38F13060E6B5}"
EndProject
Project("{9A19103F-16F7-4668-BE54-9A1E7A4F7556}") = "R5T.Z0072.Z002", "..\..\R5T.Z0072\source\R5T.Z0072.Z002\R5T.Z0072.Z002.csproj", "{FC3CBB8D-F103-4CF8-8479-209A09E9A4ED}"
EndProject
Project("{9A19103F-16F7-4668-BE54-9A1E7A4F7556}") = "R5T.Z0072.Z004", "..\..\R5T.Z0072\source\R5T.Z0072.Z004\R5T.Z0072.Z004.csproj", "{FA3C6688-F75B-45C9-AB4A-D4DEDA986431}"
EndProject
Project("{9A19103F-16F7-4668-BE54-9A1E7A4F7556}") = "R5T.T0253.T000", "R5T.T0253.T000\R5T.T0253.T000.csproj", "{F0C5DE58-F533-46ED-BD92-920DF0175698}"
EndProject
Project("{9A19103F-16F7-4668-BE54-9A1E7A4F7556}") = "R5T.T0240", "..\..\R5T.T0240\source\R5T.T0240\R5T.T0240.csproj", "{D1D24FAD-DA4C-49AA-8E6D-0309359857E3}"
EndProject
Global
	GlobalSection(NestedProjects) = preSolution
		{59DE7849-CF6F-47FF-BEA4-A44AAAF66CB2} = {F0F0A810-DEE1-4503-9205-25F46C45D2BC}
		{8C94A98F-4F8D-40C6-8FC2-2A5B1878084C} = {F0F0A810-DEE1-4503-9205-25F46C45D2BC}
		{BA53C6BC-6E33-4458-9E00-77104112238B} = {F0F0A810-DEE1-4503-9205-25F46C45D2BC}
		{095E5722-368D-45CC-B765-D7ECFA31AC23} = {F0F0A810-DEE1-4503-9205-25F46C45D2BC}
		{716DCFBE-C21D-401B-A6B3-CC45A867AE53} = {F0F0A810-DEE1-4503-9205-25F46C45D2BC}
		{97EB6B97-C049-454C-BFC9-A6257FE652BD} = {F0F0A810-DEE1-4503-9205-25F46C45D2BC}
		{190F88A4-3923-4A77-986E-07C19CE6EB90} = {F0F0A810-DEE1-4503-9205-25F46C45D2BC}
		{B41C6CBF-763D-46DB-874B-316135D8A957} = {F0F0A810-DEE1-4503-9205-25F46C45D2BC}
		{0D2C7214-79D1-47D7-8F16-86667C1A1D4F} = {F0F0A810-DEE1-4503-9205-25F46C45D2BC}
		{9FE90A35-70BD-41F2-BB55-ABC51B20E545} = {F0F0A810-DEE1-4503-9205-25F46C45D2BC}
		{82AE2C36-93BD-4A54-8804-1C52E73896D7} = {F0F0A810-DEE1-4503-9205-25F46C45D2BC}
		{524E9B9E-13FC-41C8-B68C-8BA8AFBA1E32} = {F0F0A810-DEE1-4503-9205-25F46C45D2BC}
		{560A24C1-4815-487B-8E22-0CA23C5D9249} = {F0F0A810-DEE1-4503-9205-25F46C45D2BC}
		{403E600B-1D5E-4760-A834-25C4A4EA9B4D} = {F0F0A810-DEE1-4503-9205-25F46C45D2BC}
		{F15EFF56-3FE4-4690-866B-421FA3A80891} = {F0F0A810-DEE1-4503-9205-25F46C45D2BC}
		{A0CEF366-B1B7-4AA7-977D-5772B3B6A44A} = {F0F0A810-DEE1-4503-9205-25F46C45D2BC}
		{AC2B7DD9-D45F-4634-AAB2-2BE65DAB33AD} = {F0F0A810-DEE1-4503-9205-25F46C45D2BC}
		{878D132F-7385-43A5-98B8-58A0FFB01486} = {F0F0A810-DEE1-4503-9205-25F46C45D2BC}
		{018F4745-EC6B-4525-B776-3C6D2614137A} = {F0F0A810-DEE1-4503-9205-25F46C45D2BC}
		{C3368228-68AC-4664-A888-6CBB40B26F2D} = {F0F0A810-DEE1-4503-9205-25F46C45D2BC}
		{BAA1BC9A-8B7B-42BF-BC6C-B3D62BC6DBF3} = {F0F0A810-DEE1-4503-9205-25F46C45D2BC}
		{8B60C6DA-9347-4254-9F1D-B707FDCFDB49} = {F0F0A810-DEE1-4503-9205-25F46C45D2BC}
		{755246C8-FA1A-4B57-BC64-E095543D0343} = {F0F0A810-DEE1-4503-9205-25F46C45D2BC}
		{973C6CC8-3B63-4005-B8FA-3CE8ADC98DD2} = {F0F0A810-DEE1-4503-9205-25F46C45D2BC}
		{CAF1C981-D806-419F-AFA7-E7573717864C} = {F0F0A810-DEE1-4503-9205-25F46C45D2BC}
		{1C7E635A-9DE7-4E18-BA2E-D0108867296E} = {F0F0A810-DEE1-4503-9205-25F46C45D2BC}
		{F876DE4A-0ECD-44D4-9F0B-3387DE694DDC} = {F0F0A810-DEE1-4503-9205-25F46C45D2BC}
		{420218A5-4664-4D2C-9688-2FB46B0BF336} = {F0F0A810-DEE1-4503-9205-25F46C45D2BC}
		{488C1863-5D0E-4835-8E9E-A1908BDDDED5} = {F0F0A810-DEE1-4503-9205-25F46C45D2BC}
		{A869989B-90E4-44F5-B9DF-D17E7D95E22A} = {F0F0A810-DEE1-4503-9205-25F46C45D2BC}
		{282F993A-CD8F-4C17-90A8-A722715A1517} = {F0F0A810-DEE1-4503-9205-25F46C45D2BC}
		{6F4030C8-6B69-4F5C-BFE0-C3C327911609} = {F0F0A810-DEE1-4503-9205-25F46C45D2BC}
		{88E781BC-66D3-4A02-9C32-B34BF22DBFEC} = {F0F0A810-DEE1-4503-9205-25F46C45D2BC}
		{C81F05F0-66BA-4D95-A4EB-C318F46A6FF7} = {F0F0A810-DEE1-4503-9205-25F46C45D2BC}
		{CB4E6986-0425-472B-9977-1C3EF1009547} = {F0F0A810-DEE1-4503-9205-25F46C45D2BC}
		{C9169E78-920C-49DC-896F-C67D04D0DF7B} = {F0F0A810-DEE1-4503-9205-25F46C45D2BC}
		{00CAC302-59F1-497F-9C82-FC6359F1A11B} = {F0F0A810-DEE1-4503-9205-25F46C45D2BC}
		{D04068BB-F892-42AA-9D28-D109565C11DF} = {F0F0A810-DEE1-4503-9205-25F46C45D2BC}
		{747B32AD-6F4E-45D1-8FF4-8E73C4A33A4F} = {F0F0A810-DEE1-4503-9205-25F46C45D2BC}
		{DE1A3742-F28C-4AC7-89C2-40B615D97A82} = {F0F0A810-DEE1-4503-9205-25F46C45D2BC}
		{C4DE5B61-628D-47DA-B63E-0B528CC81051} = {F0F0A810-DEE1-4503-9205-25F46C45D2BC}
		{28DD389B-C930-42F8-B0FF-03055CDAE645} = {F0F0A810-DEE1-4503-9205-25F46C45D2BC}
		{4372DB18-1CFF-4E50-9613-850A47C551F8} = {F0F0A810-DEE1-4503-9205-25F46C45D2BC}
		{B19EEBFA-51E5-413B-93B1-C6422DAD35CF} = {F0F0A810-DEE1-4503-9205-25F46C45D2BC}
		{057EF322-8184-4691-8D70-3381F452293B} = {F0F0A810-DEE1-4503-9205-25F46C45D2BC}
		{B9D2DB77-2D12-4448-976E-E0634E7747EE} = {F0F0A810-DEE1-4503-9205-25F46C45D2BC}
		{283CA719-E1FC-4DB9-B569-B68F17CD57DF} = {F0F0A810-DEE1-4503-9205-25F46C45D2BC}
		{C7EDBC87-87D3-45E4-9621-567E27997BB3} = {F0F0A810-DEE1-4503-9205-25F46C45D2BC}
		{8E81DD20-8A02-4C94-BD75-A6C8DB7A4945} = {F0F0A810-DEE1-4503-9205-25F46C45D2BC}
		{C2395167-AFD4-4AC8-B6DB-CA87A2961825} = {F0F0A810-DEE1-4503-9205-25F46C45D2BC}
		{64E7AC7A-4997-4DA6-9B20-57181AB87D04} = {F0F0A810-DEE1-4503-9205-25F46C45D2BC}
		{1E3B6225-5D24-4A78-916D-4028BBD22E75} = {F0F0A810-DEE1-4503-9205-25F46C45D2BC}
		{9D06974F-66C8-49F2-A8C4-2E5FC0C0AE47} = {F0F0A810-DEE1-4503-9205-25F46C45D2BC}
		{E5A13515-54CA-47A9-9ABD-D4AD28523225} = {F0F0A810-DEE1-4503-9205-25F46C45D2BC}
		{89A0D7BE-9D3C-4CC9-8164-62705541CCF9} = {F0F0A810-DEE1-4503-9205-25F46C45D2BC}
		{5906C303-CDE9-4AE1-9194-F7EF6C9674FF} = {F0F0A810-DEE1-4503-9205-25F46C45D2BC}
		{FAF6FB49-4EAA-4A80-A874-D956EE64F0C9} = {F0F0A810-DEE1-4503-9205-25F46C45D2BC}
		{79DBE24A-C2C7-4FB2-83E9-38F13060E6B5} = {F0F0A810-DEE1-4503-9205-25F46C45D2BC}
		{FC3CBB8D-F103-4CF8-8479-209A09E9A4ED} = {F0F0A810-DEE1-4503-9205-25F46C45D2BC}
		{FA3C6688-F75B-45C9-AB4A-D4DEDA986431} = {F0F0A810-DEE1-4503-9205-25F46C45D2BC}
		{D1D24FAD-DA4C-49AA-8E6D-0309359857E3} = {F0F0A810-DEE1-4503-9205-25F46C45D2BC}
	EndGlobalSection
	GlobalSection(SolutionConfigurationPlatforms) = preSolution
		Debug|Any CPU = Debug|Any CPU
		Release|Any CPU = Release|Any CPU
	EndGlobalSection
	GlobalSection(ProjectConfigurationPlatforms) = postSolution
		{8F02F873-14CF-4EB8-AF97-C5E1B9460993}.Debug|Any CPU.ActiveCfg = Debug|Any CPU
		{8F02F873-14CF-4EB8-AF97-C5E1B9460993}.Debug|Any CPU.Build.0 = Debug|Any CPU
		{8F02F873-14CF-4EB8-AF97-C5E1B9460993}.Release|Any CPU.ActiveCfg = Release|Any CPU
		{8F02F873-14CF-4EB8-AF97-C5E1B9460993}.Release|Any CPU.Build.0 = Release|Any CPU
		{59DE7849-CF6F-47FF-BEA4-A44AAAF66CB2}.Debug|Any CPU.ActiveCfg = Debug|Any CPU
		{59DE7849-CF6F-47FF-BEA4-A44AAAF66CB2}.Debug|Any CPU.Build.0 = Debug|Any CPU
		{59DE7849-CF6F-47FF-BEA4-A44AAAF66CB2}.Release|Any CPU.ActiveCfg = Release|Any CPU
		{59DE7849-CF6F-47FF-BEA4-A44AAAF66CB2}.Release|Any CPU.Build.0 = Release|Any CPU
		{8C94A98F-4F8D-40C6-8FC2-2A5B1878084C}.Debug|Any CPU.ActiveCfg = Debug|Any CPU
		{8C94A98F-4F8D-40C6-8FC2-2A5B1878084C}.Debug|Any CPU.Build.0 = Debug|Any CPU
		{8C94A98F-4F8D-40C6-8FC2-2A5B1878084C}.Release|Any CPU.ActiveCfg = Release|Any CPU
		{8C94A98F-4F8D-40C6-8FC2-2A5B1878084C}.Release|Any CPU.Build.0 = Release|Any CPU
		{BA53C6BC-6E33-4458-9E00-77104112238B}.Debug|Any CPU.ActiveCfg = Debug|Any CPU
		{BA53C6BC-6E33-4458-9E00-77104112238B}.Debug|Any CPU.Build.0 = Debug|Any CPU
		{BA53C6BC-6E33-4458-9E00-77104112238B}.Release|Any CPU.ActiveCfg = Release|Any CPU
		{BA53C6BC-6E33-4458-9E00-77104112238B}.Release|Any CPU.Build.0 = Release|Any CPU
		{095E5722-368D-45CC-B765-D7ECFA31AC23}.Debug|Any CPU.ActiveCfg = Debug|Any CPU
		{095E5722-368D-45CC-B765-D7ECFA31AC23}.Debug|Any CPU.Build.0 = Debug|Any CPU
		{095E5722-368D-45CC-B765-D7ECFA31AC23}.Release|Any CPU.ActiveCfg = Release|Any CPU
		{095E5722-368D-45CC-B765-D7ECFA31AC23}.Release|Any CPU.Build.0 = Release|Any CPU
		{716DCFBE-C21D-401B-A6B3-CC45A867AE53}.Debug|Any CPU.ActiveCfg = Debug|Any CPU
		{716DCFBE-C21D-401B-A6B3-CC45A867AE53}.Debug|Any CPU.Build.0 = Debug|Any CPU
		{716DCFBE-C21D-401B-A6B3-CC45A867AE53}.Release|Any CPU.ActiveCfg = Release|Any CPU
		{716DCFBE-C21D-401B-A6B3-CC45A867AE53}.Release|Any CPU.Build.0 = Release|Any CPU
		{97EB6B97-C049-454C-BFC9-A6257FE652BD}.Debug|Any CPU.ActiveCfg = Debug|Any CPU
		{97EB6B97-C049-454C-BFC9-A6257FE652BD}.Debug|Any CPU.Build.0 = Debug|Any CPU
		{97EB6B97-C049-454C-BFC9-A6257FE652BD}.Release|Any CPU.ActiveCfg = Release|Any CPU
		{97EB6B97-C049-454C-BFC9-A6257FE652BD}.Release|Any CPU.Build.0 = Release|Any CPU
		{190F88A4-3923-4A77-986E-07C19CE6EB90}.Debug|Any CPU.ActiveCfg = Debug|Any CPU
		{190F88A4-3923-4A77-986E-07C19CE6EB90}.Debug|Any CPU.Build.0 = Debug|Any CPU
		{190F88A4-3923-4A77-986E-07C19CE6EB90}.Release|Any CPU.ActiveCfg = Release|Any CPU
		{190F88A4-3923-4A77-986E-07C19CE6EB90}.Release|Any CPU.Build.0 = Release|Any CPU
		{B41C6CBF-763D-46DB-874B-316135D8A957}.Debug|Any CPU.ActiveCfg = Debug|Any CPU
		{B41C6CBF-763D-46DB-874B-316135D8A957}.Debug|Any CPU.Build.0 = Debug|Any CPU
		{B41C6CBF-763D-46DB-874B-316135D8A957}.Release|Any CPU.ActiveCfg = Release|Any CPU
		{B41C6CBF-763D-46DB-874B-316135D8A957}.Release|Any CPU.Build.0 = Release|Any CPU
		{0D2C7214-79D1-47D7-8F16-86667C1A1D4F}.Debug|Any CPU.ActiveCfg = Debug|Any CPU
		{0D2C7214-79D1-47D7-8F16-86667C1A1D4F}.Debug|Any CPU.Build.0 = Debug|Any CPU
		{0D2C7214-79D1-47D7-8F16-86667C1A1D4F}.Release|Any CPU.ActiveCfg = Release|Any CPU
		{0D2C7214-79D1-47D7-8F16-86667C1A1D4F}.Release|Any CPU.Build.0 = Release|Any CPU
		{9FE90A35-70BD-41F2-BB55-ABC51B20E545}.Debug|Any CPU.ActiveCfg = Debug|Any CPU
		{9FE90A35-70BD-41F2-BB55-ABC51B20E545}.Debug|Any CPU.Build.0 = Debug|Any CPU
		{9FE90A35-70BD-41F2-BB55-ABC51B20E545}.Release|Any CPU.ActiveCfg = Release|Any CPU
		{9FE90A35-70BD-41F2-BB55-ABC51B20E545}.Release|Any CPU.Build.0 = Release|Any CPU
		{82AE2C36-93BD-4A54-8804-1C52E73896D7}.Debug|Any CPU.ActiveCfg = Debug|Any CPU
		{82AE2C36-93BD-4A54-8804-1C52E73896D7}.Debug|Any CPU.Build.0 = Debug|Any CPU
		{82AE2C36-93BD-4A54-8804-1C52E73896D7}.Release|Any CPU.ActiveCfg = Release|Any CPU
		{82AE2C36-93BD-4A54-8804-1C52E73896D7}.Release|Any CPU.Build.0 = Release|Any CPU
		{524E9B9E-13FC-41C8-B68C-8BA8AFBA1E32}.Debug|Any CPU.ActiveCfg = Debug|Any CPU
		{524E9B9E-13FC-41C8-B68C-8BA8AFBA1E32}.Debug|Any CPU.Build.0 = Debug|Any CPU
		{524E9B9E-13FC-41C8-B68C-8BA8AFBA1E32}.Release|Any CPU.ActiveCfg = Release|Any CPU
		{524E9B9E-13FC-41C8-B68C-8BA8AFBA1E32}.Release|Any CPU.Build.0 = Release|Any CPU
		{560A24C1-4815-487B-8E22-0CA23C5D9249}.Debug|Any CPU.ActiveCfg = Debug|Any CPU
		{560A24C1-4815-487B-8E22-0CA23C5D9249}.Debug|Any CPU.Build.0 = Debug|Any CPU
		{560A24C1-4815-487B-8E22-0CA23C5D9249}.Release|Any CPU.ActiveCfg = Release|Any CPU
		{560A24C1-4815-487B-8E22-0CA23C5D9249}.Release|Any CPU.Build.0 = Release|Any CPU
		{403E600B-1D5E-4760-A834-25C4A4EA9B4D}.Debug|Any CPU.ActiveCfg = Debug|Any CPU
		{403E600B-1D5E-4760-A834-25C4A4EA9B4D}.Debug|Any CPU.Build.0 = Debug|Any CPU
		{403E600B-1D5E-4760-A834-25C4A4EA9B4D}.Release|Any CPU.ActiveCfg = Release|Any CPU
		{403E600B-1D5E-4760-A834-25C4A4EA9B4D}.Release|Any CPU.Build.0 = Release|Any CPU
		{F15EFF56-3FE4-4690-866B-421FA3A80891}.Debug|Any CPU.ActiveCfg = Debug|Any CPU
		{F15EFF56-3FE4-4690-866B-421FA3A80891}.Debug|Any CPU.Build.0 = Debug|Any CPU
		{F15EFF56-3FE4-4690-866B-421FA3A80891}.Release|Any CPU.ActiveCfg = Release|Any CPU
		{F15EFF56-3FE4-4690-866B-421FA3A80891}.Release|Any CPU.Build.0 = Release|Any CPU
		{A0CEF366-B1B7-4AA7-977D-5772B3B6A44A}.Debug|Any CPU.ActiveCfg = Debug|Any CPU
		{A0CEF366-B1B7-4AA7-977D-5772B3B6A44A}.Debug|Any CPU.Build.0 = Debug|Any CPU
		{A0CEF366-B1B7-4AA7-977D-5772B3B6A44A}.Release|Any CPU.ActiveCfg = Release|Any CPU
		{A0CEF366-B1B7-4AA7-977D-5772B3B6A44A}.Release|Any CPU.Build.0 = Release|Any CPU
		{AC2B7DD9-D45F-4634-AAB2-2BE65DAB33AD}.Debug|Any CPU.ActiveCfg = Debug|Any CPU
		{AC2B7DD9-D45F-4634-AAB2-2BE65DAB33AD}.Debug|Any CPU.Build.0 = Debug|Any CPU
		{AC2B7DD9-D45F-4634-AAB2-2BE65DAB33AD}.Release|Any CPU.ActiveCfg = Release|Any CPU
		{AC2B7DD9-D45F-4634-AAB2-2BE65DAB33AD}.Release|Any CPU.Build.0 = Release|Any CPU
		{878D132F-7385-43A5-98B8-58A0FFB01486}.Debug|Any CPU.ActiveCfg = Debug|Any CPU
		{878D132F-7385-43A5-98B8-58A0FFB01486}.Debug|Any CPU.Build.0 = Debug|Any CPU
		{878D132F-7385-43A5-98B8-58A0FFB01486}.Release|Any CPU.ActiveCfg = Release|Any CPU
		{878D132F-7385-43A5-98B8-58A0FFB01486}.Release|Any CPU.Build.0 = Release|Any CPU
		{018F4745-EC6B-4525-B776-3C6D2614137A}.Debug|Any CPU.ActiveCfg = Debug|Any CPU
		{018F4745-EC6B-4525-B776-3C6D2614137A}.Debug|Any CPU.Build.0 = Debug|Any CPU
		{018F4745-EC6B-4525-B776-3C6D2614137A}.Release|Any CPU.ActiveCfg = Release|Any CPU
		{018F4745-EC6B-4525-B776-3C6D2614137A}.Release|Any CPU.Build.0 = Release|Any CPU
		{C3368228-68AC-4664-A888-6CBB40B26F2D}.Debug|Any CPU.ActiveCfg = Debug|Any CPU
		{C3368228-68AC-4664-A888-6CBB40B26F2D}.Debug|Any CPU.Build.0 = Debug|Any CPU
		{C3368228-68AC-4664-A888-6CBB40B26F2D}.Release|Any CPU.ActiveCfg = Release|Any CPU
		{C3368228-68AC-4664-A888-6CBB40B26F2D}.Release|Any CPU.Build.0 = Release|Any CPU
		{BAA1BC9A-8B7B-42BF-BC6C-B3D62BC6DBF3}.Debug|Any CPU.ActiveCfg = Debug|Any CPU
		{BAA1BC9A-8B7B-42BF-BC6C-B3D62BC6DBF3}.Debug|Any CPU.Build.0 = Debug|Any CPU
		{BAA1BC9A-8B7B-42BF-BC6C-B3D62BC6DBF3}.Release|Any CPU.ActiveCfg = Release|Any CPU
		{BAA1BC9A-8B7B-42BF-BC6C-B3D62BC6DBF3}.Release|Any CPU.Build.0 = Release|Any CPU
		{8B60C6DA-9347-4254-9F1D-B707FDCFDB49}.Debug|Any CPU.ActiveCfg = Debug|Any CPU
		{8B60C6DA-9347-4254-9F1D-B707FDCFDB49}.Debug|Any CPU.Build.0 = Debug|Any CPU
		{8B60C6DA-9347-4254-9F1D-B707FDCFDB49}.Release|Any CPU.ActiveCfg = Release|Any CPU
		{8B60C6DA-9347-4254-9F1D-B707FDCFDB49}.Release|Any CPU.Build.0 = Release|Any CPU
		{755246C8-FA1A-4B57-BC64-E095543D0343}.Debug|Any CPU.ActiveCfg = Debug|Any CPU
		{755246C8-FA1A-4B57-BC64-E095543D0343}.Debug|Any CPU.Build.0 = Debug|Any CPU
		{755246C8-FA1A-4B57-BC64-E095543D0343}.Release|Any CPU.ActiveCfg = Release|Any CPU
		{755246C8-FA1A-4B57-BC64-E095543D0343}.Release|Any CPU.Build.0 = Release|Any CPU
		{973C6CC8-3B63-4005-B8FA-3CE8ADC98DD2}.Debug|Any CPU.ActiveCfg = Debug|Any CPU
		{973C6CC8-3B63-4005-B8FA-3CE8ADC98DD2}.Debug|Any CPU.Build.0 = Debug|Any CPU
		{973C6CC8-3B63-4005-B8FA-3CE8ADC98DD2}.Release|Any CPU.ActiveCfg = Release|Any CPU
		{973C6CC8-3B63-4005-B8FA-3CE8ADC98DD2}.Release|Any CPU.Build.0 = Release|Any CPU
		{CAF1C981-D806-419F-AFA7-E7573717864C}.Debug|Any CPU.ActiveCfg = Debug|Any CPU
		{CAF1C981-D806-419F-AFA7-E7573717864C}.Debug|Any CPU.Build.0 = Debug|Any CPU
		{CAF1C981-D806-419F-AFA7-E7573717864C}.Release|Any CPU.ActiveCfg = Release|Any CPU
		{CAF1C981-D806-419F-AFA7-E7573717864C}.Release|Any CPU.Build.0 = Release|Any CPU
		{1C7E635A-9DE7-4E18-BA2E-D0108867296E}.Debug|Any CPU.ActiveCfg = Debug|Any CPU
		{1C7E635A-9DE7-4E18-BA2E-D0108867296E}.Debug|Any CPU.Build.0 = Debug|Any CPU
		{1C7E635A-9DE7-4E18-BA2E-D0108867296E}.Release|Any CPU.ActiveCfg = Release|Any CPU
		{1C7E635A-9DE7-4E18-BA2E-D0108867296E}.Release|Any CPU.Build.0 = Release|Any CPU
		{F876DE4A-0ECD-44D4-9F0B-3387DE694DDC}.Debug|Any CPU.ActiveCfg = Debug|Any CPU
		{F876DE4A-0ECD-44D4-9F0B-3387DE694DDC}.Debug|Any CPU.Build.0 = Debug|Any CPU
		{F876DE4A-0ECD-44D4-9F0B-3387DE694DDC}.Release|Any CPU.ActiveCfg = Release|Any CPU
		{F876DE4A-0ECD-44D4-9F0B-3387DE694DDC}.Release|Any CPU.Build.0 = Release|Any CPU
		{420218A5-4664-4D2C-9688-2FB46B0BF336}.Debug|Any CPU.ActiveCfg = Debug|Any CPU
		{420218A5-4664-4D2C-9688-2FB46B0BF336}.Debug|Any CPU.Build.0 = Debug|Any CPU
		{420218A5-4664-4D2C-9688-2FB46B0BF336}.Release|Any CPU.ActiveCfg = Release|Any CPU
		{420218A5-4664-4D2C-9688-2FB46B0BF336}.Release|Any CPU.Build.0 = Release|Any CPU
		{488C1863-5D0E-4835-8E9E-A1908BDDDED5}.Debug|Any CPU.ActiveCfg = Debug|Any CPU
		{488C1863-5D0E-4835-8E9E-A1908BDDDED5}.Debug|Any CPU.Build.0 = Debug|Any CPU
		{488C1863-5D0E-4835-8E9E-A1908BDDDED5}.Release|Any CPU.ActiveCfg = Release|Any CPU
		{488C1863-5D0E-4835-8E9E-A1908BDDDED5}.Release|Any CPU.Build.0 = Release|Any CPU
		{A869989B-90E4-44F5-B9DF-D17E7D95E22A}.Debug|Any CPU.ActiveCfg = Debug|Any CPU
		{A869989B-90E4-44F5-B9DF-D17E7D95E22A}.Debug|Any CPU.Build.0 = Debug|Any CPU
		{A869989B-90E4-44F5-B9DF-D17E7D95E22A}.Release|Any CPU.ActiveCfg = Release|Any CPU
		{A869989B-90E4-44F5-B9DF-D17E7D95E22A}.Release|Any CPU.Build.0 = Release|Any CPU
		{282F993A-CD8F-4C17-90A8-A722715A1517}.Debug|Any CPU.ActiveCfg = Debug|Any CPU
		{282F993A-CD8F-4C17-90A8-A722715A1517}.Debug|Any CPU.Build.0 = Debug|Any CPU
		{282F993A-CD8F-4C17-90A8-A722715A1517}.Release|Any CPU.ActiveCfg = Release|Any CPU
		{282F993A-CD8F-4C17-90A8-A722715A1517}.Release|Any CPU.Build.0 = Release|Any CPU
		{6F4030C8-6B69-4F5C-BFE0-C3C327911609}.Debug|Any CPU.ActiveCfg = Debug|Any CPU
		{6F4030C8-6B69-4F5C-BFE0-C3C327911609}.Debug|Any CPU.Build.0 = Debug|Any CPU
		{6F4030C8-6B69-4F5C-BFE0-C3C327911609}.Release|Any CPU.ActiveCfg = Release|Any CPU
		{6F4030C8-6B69-4F5C-BFE0-C3C327911609}.Release|Any CPU.Build.0 = Release|Any CPU
		{88E781BC-66D3-4A02-9C32-B34BF22DBFEC}.Debug|Any CPU.ActiveCfg = Debug|Any CPU
		{88E781BC-66D3-4A02-9C32-B34BF22DBFEC}.Debug|Any CPU.Build.0 = Debug|Any CPU
		{88E781BC-66D3-4A02-9C32-B34BF22DBFEC}.Release|Any CPU.ActiveCfg = Release|Any CPU
		{88E781BC-66D3-4A02-9C32-B34BF22DBFEC}.Release|Any CPU.Build.0 = Release|Any CPU
		{C81F05F0-66BA-4D95-A4EB-C318F46A6FF7}.Debug|Any CPU.ActiveCfg = Debug|Any CPU
		{C81F05F0-66BA-4D95-A4EB-C318F46A6FF7}.Debug|Any CPU.Build.0 = Debug|Any CPU
		{C81F05F0-66BA-4D95-A4EB-C318F46A6FF7}.Release|Any CPU.ActiveCfg = Release|Any CPU
		{C81F05F0-66BA-4D95-A4EB-C318F46A6FF7}.Release|Any CPU.Build.0 = Release|Any CPU
		{CB4E6986-0425-472B-9977-1C3EF1009547}.Debug|Any CPU.ActiveCfg = Debug|Any CPU
		{CB4E6986-0425-472B-9977-1C3EF1009547}.Debug|Any CPU.Build.0 = Debug|Any CPU
		{CB4E6986-0425-472B-9977-1C3EF1009547}.Release|Any CPU.ActiveCfg = Release|Any CPU
		{CB4E6986-0425-472B-9977-1C3EF1009547}.Release|Any CPU.Build.0 = Release|Any CPU
		{C9169E78-920C-49DC-896F-C67D04D0DF7B}.Debug|Any CPU.ActiveCfg = Debug|Any CPU
		{C9169E78-920C-49DC-896F-C67D04D0DF7B}.Debug|Any CPU.Build.0 = Debug|Any CPU
		{C9169E78-920C-49DC-896F-C67D04D0DF7B}.Release|Any CPU.ActiveCfg = Release|Any CPU
		{C9169E78-920C-49DC-896F-C67D04D0DF7B}.Release|Any CPU.Build.0 = Release|Any CPU
		{00CAC302-59F1-497F-9C82-FC6359F1A11B}.Debug|Any CPU.ActiveCfg = Debug|Any CPU
		{00CAC302-59F1-497F-9C82-FC6359F1A11B}.Debug|Any CPU.Build.0 = Debug|Any CPU
		{00CAC302-59F1-497F-9C82-FC6359F1A11B}.Release|Any CPU.ActiveCfg = Release|Any CPU
		{00CAC302-59F1-497F-9C82-FC6359F1A11B}.Release|Any CPU.Build.0 = Release|Any CPU
		{D04068BB-F892-42AA-9D28-D109565C11DF}.Debug|Any CPU.ActiveCfg = Debug|Any CPU
		{D04068BB-F892-42AA-9D28-D109565C11DF}.Debug|Any CPU.Build.0 = Debug|Any CPU
		{D04068BB-F892-42AA-9D28-D109565C11DF}.Release|Any CPU.ActiveCfg = Release|Any CPU
		{D04068BB-F892-42AA-9D28-D109565C11DF}.Release|Any CPU.Build.0 = Release|Any CPU
		{747B32AD-6F4E-45D1-8FF4-8E73C4A33A4F}.Debug|Any CPU.ActiveCfg = Debug|Any CPU
		{747B32AD-6F4E-45D1-8FF4-8E73C4A33A4F}.Debug|Any CPU.Build.0 = Debug|Any CPU
		{747B32AD-6F4E-45D1-8FF4-8E73C4A33A4F}.Release|Any CPU.ActiveCfg = Release|Any CPU
		{747B32AD-6F4E-45D1-8FF4-8E73C4A33A4F}.Release|Any CPU.Build.0 = Release|Any CPU
		{DE1A3742-F28C-4AC7-89C2-40B615D97A82}.Debug|Any CPU.ActiveCfg = Debug|Any CPU
		{DE1A3742-F28C-4AC7-89C2-40B615D97A82}.Debug|Any CPU.Build.0 = Debug|Any CPU
		{DE1A3742-F28C-4AC7-89C2-40B615D97A82}.Release|Any CPU.ActiveCfg = Release|Any CPU
		{DE1A3742-F28C-4AC7-89C2-40B615D97A82}.Release|Any CPU.Build.0 = Release|Any CPU
		{C4DE5B61-628D-47DA-B63E-0B528CC81051}.Debug|Any CPU.ActiveCfg = Debug|Any CPU
		{C4DE5B61-628D-47DA-B63E-0B528CC81051}.Debug|Any CPU.Build.0 = Debug|Any CPU
		{C4DE5B61-628D-47DA-B63E-0B528CC81051}.Release|Any CPU.ActiveCfg = Release|Any CPU
		{C4DE5B61-628D-47DA-B63E-0B528CC81051}.Release|Any CPU.Build.0 = Release|Any CPU
		{28DD389B-C930-42F8-B0FF-03055CDAE645}.Debug|Any CPU.ActiveCfg = Debug|Any CPU
		{28DD389B-C930-42F8-B0FF-03055CDAE645}.Debug|Any CPU.Build.0 = Debug|Any CPU
		{28DD389B-C930-42F8-B0FF-03055CDAE645}.Release|Any CPU.ActiveCfg = Release|Any CPU
		{28DD389B-C930-42F8-B0FF-03055CDAE645}.Release|Any CPU.Build.0 = Release|Any CPU
		{4372DB18-1CFF-4E50-9613-850A47C551F8}.Debug|Any CPU.ActiveCfg = Debug|Any CPU
		{4372DB18-1CFF-4E50-9613-850A47C551F8}.Debug|Any CPU.Build.0 = Debug|Any CPU
		{4372DB18-1CFF-4E50-9613-850A47C551F8}.Release|Any CPU.ActiveCfg = Release|Any CPU
		{4372DB18-1CFF-4E50-9613-850A47C551F8}.Release|Any CPU.Build.0 = Release|Any CPU
		{B19EEBFA-51E5-413B-93B1-C6422DAD35CF}.Debug|Any CPU.ActiveCfg = Debug|Any CPU
		{B19EEBFA-51E5-413B-93B1-C6422DAD35CF}.Debug|Any CPU.Build.0 = Debug|Any CPU
		{B19EEBFA-51E5-413B-93B1-C6422DAD35CF}.Release|Any CPU.ActiveCfg = Release|Any CPU
		{B19EEBFA-51E5-413B-93B1-C6422DAD35CF}.Release|Any CPU.Build.0 = Release|Any CPU
		{057EF322-8184-4691-8D70-3381F452293B}.Debug|Any CPU.ActiveCfg = Debug|Any CPU
		{057EF322-8184-4691-8D70-3381F452293B}.Debug|Any CPU.Build.0 = Debug|Any CPU
		{057EF322-8184-4691-8D70-3381F452293B}.Release|Any CPU.ActiveCfg = Release|Any CPU
		{057EF322-8184-4691-8D70-3381F452293B}.Release|Any CPU.Build.0 = Release|Any CPU
		{B9D2DB77-2D12-4448-976E-E0634E7747EE}.Debug|Any CPU.ActiveCfg = Debug|Any CPU
		{B9D2DB77-2D12-4448-976E-E0634E7747EE}.Debug|Any CPU.Build.0 = Debug|Any CPU
		{B9D2DB77-2D12-4448-976E-E0634E7747EE}.Release|Any CPU.ActiveCfg = Release|Any CPU
		{B9D2DB77-2D12-4448-976E-E0634E7747EE}.Release|Any CPU.Build.0 = Release|Any CPU
		{283CA719-E1FC-4DB9-B569-B68F17CD57DF}.Debug|Any CPU.ActiveCfg = Debug|Any CPU
		{283CA719-E1FC-4DB9-B569-B68F17CD57DF}.Debug|Any CPU.Build.0 = Debug|Any CPU
		{283CA719-E1FC-4DB9-B569-B68F17CD57DF}.Release|Any CPU.ActiveCfg = Release|Any CPU
		{283CA719-E1FC-4DB9-B569-B68F17CD57DF}.Release|Any CPU.Build.0 = Release|Any CPU
		{C7EDBC87-87D3-45E4-9621-567E27997BB3}.Debug|Any CPU.ActiveCfg = Debug|Any CPU
		{C7EDBC87-87D3-45E4-9621-567E27997BB3}.Debug|Any CPU.Build.0 = Debug|Any CPU
		{C7EDBC87-87D3-45E4-9621-567E27997BB3}.Release|Any CPU.ActiveCfg = Release|Any CPU
		{C7EDBC87-87D3-45E4-9621-567E27997BB3}.Release|Any CPU.Build.0 = Release|Any CPU
		{8E81DD20-8A02-4C94-BD75-A6C8DB7A4945}.Debug|Any CPU.ActiveCfg = Debug|Any CPU
		{8E81DD20-8A02-4C94-BD75-A6C8DB7A4945}.Debug|Any CPU.Build.0 = Debug|Any CPU
		{8E81DD20-8A02-4C94-BD75-A6C8DB7A4945}.Release|Any CPU.ActiveCfg = Release|Any CPU
		{8E81DD20-8A02-4C94-BD75-A6C8DB7A4945}.Release|Any CPU.Build.0 = Release|Any CPU
		{C2395167-AFD4-4AC8-B6DB-CA87A2961825}.Debug|Any CPU.ActiveCfg = Debug|Any CPU
		{C2395167-AFD4-4AC8-B6DB-CA87A2961825}.Debug|Any CPU.Build.0 = Debug|Any CPU
		{C2395167-AFD4-4AC8-B6DB-CA87A2961825}.Release|Any CPU.ActiveCfg = Release|Any CPU
		{C2395167-AFD4-4AC8-B6DB-CA87A2961825}.Release|Any CPU.Build.0 = Release|Any CPU
		{64E7AC7A-4997-4DA6-9B20-57181AB87D04}.Debug|Any CPU.ActiveCfg = Debug|Any CPU
		{64E7AC7A-4997-4DA6-9B20-57181AB87D04}.Debug|Any CPU.Build.0 = Debug|Any CPU
		{64E7AC7A-4997-4DA6-9B20-57181AB87D04}.Release|Any CPU.ActiveCfg = Release|Any CPU
		{64E7AC7A-4997-4DA6-9B20-57181AB87D04}.Release|Any CPU.Build.0 = Release|Any CPU
		{1E3B6225-5D24-4A78-916D-4028BBD22E75}.Debug|Any CPU.ActiveCfg = Debug|Any CPU
		{1E3B6225-5D24-4A78-916D-4028BBD22E75}.Debug|Any CPU.Build.0 = Debug|Any CPU
		{1E3B6225-5D24-4A78-916D-4028BBD22E75}.Release|Any CPU.ActiveCfg = Release|Any CPU
		{1E3B6225-5D24-4A78-916D-4028BBD22E75}.Release|Any CPU.Build.0 = Release|Any CPU
		{9D06974F-66C8-49F2-A8C4-2E5FC0C0AE47}.Debug|Any CPU.ActiveCfg = Debug|Any CPU
		{9D06974F-66C8-49F2-A8C4-2E5FC0C0AE47}.Debug|Any CPU.Build.0 = Debug|Any CPU
		{9D06974F-66C8-49F2-A8C4-2E5FC0C0AE47}.Release|Any CPU.ActiveCfg = Release|Any CPU
		{9D06974F-66C8-49F2-A8C4-2E5FC0C0AE47}.Release|Any CPU.Build.0 = Release|Any CPU
		{E5A13515-54CA-47A9-9ABD-D4AD28523225}.Debug|Any CPU.ActiveCfg = Debug|Any CPU
		{E5A13515-54CA-47A9-9ABD-D4AD28523225}.Debug|Any CPU.Build.0 = Debug|Any CPU
		{E5A13515-54CA-47A9-9ABD-D4AD28523225}.Release|Any CPU.ActiveCfg = Release|Any CPU
		{E5A13515-54CA-47A9-9ABD-D4AD28523225}.Release|Any CPU.Build.0 = Release|Any CPU
		{89A0D7BE-9D3C-4CC9-8164-62705541CCF9}.Debug|Any CPU.ActiveCfg = Debug|Any CPU
		{89A0D7BE-9D3C-4CC9-8164-62705541CCF9}.Debug|Any CPU.Build.0 = Debug|Any CPU
		{89A0D7BE-9D3C-4CC9-8164-62705541CCF9}.Release|Any CPU.ActiveCfg = Release|Any CPU
		{89A0D7BE-9D3C-4CC9-8164-62705541CCF9}.Release|Any CPU.Build.0 = Release|Any CPU
		{5906C303-CDE9-4AE1-9194-F7EF6C9674FF}.Debug|Any CPU.ActiveCfg = Debug|Any CPU
		{5906C303-CDE9-4AE1-9194-F7EF6C9674FF}.Debug|Any CPU.Build.0 = Debug|Any CPU
		{5906C303-CDE9-4AE1-9194-F7EF6C9674FF}.Release|Any CPU.ActiveCfg = Release|Any CPU
		{5906C303-CDE9-4AE1-9194-F7EF6C9674FF}.Release|Any CPU.Build.0 = Release|Any CPU
		{FAF6FB49-4EAA-4A80-A874-D956EE64F0C9}.Debug|Any CPU.ActiveCfg = Debug|Any CPU
		{FAF6FB49-4EAA-4A80-A874-D956EE64F0C9}.Debug|Any CPU.Build.0 = Debug|Any CPU
		{FAF6FB49-4EAA-4A80-A874-D956EE64F0C9}.Release|Any CPU.ActiveCfg = Release|Any CPU
		{FAF6FB49-4EAA-4A80-A874-D956EE64F0C9}.Release|Any CPU.Build.0 = Release|Any CPU
		{79DBE24A-C2C7-4FB2-83E9-38F13060E6B5}.Debug|Any CPU.ActiveCfg = Debug|Any CPU
		{79DBE24A-C2C7-4FB2-83E9-38F13060E6B5}.Debug|Any CPU.Build.0 = Debug|Any CPU
		{79DBE24A-C2C7-4FB2-83E9-38F13060E6B5}.Release|Any CPU.ActiveCfg = Release|Any CPU
		{79DBE24A-C2C7-4FB2-83E9-38F13060E6B5}.Release|Any CPU.Build.0 = Release|Any CPU
		{FC3CBB8D-F103-4CF8-8479-209A09E9A4ED}.Debug|Any CPU.ActiveCfg = Debug|Any CPU
		{FC3CBB8D-F103-4CF8-8479-209A09E9A4ED}.Debug|Any CPU.Build.0 = Debug|Any CPU
		{FC3CBB8D-F103-4CF8-8479-209A09E9A4ED}.Release|Any CPU.ActiveCfg = Release|Any CPU
		{FC3CBB8D-F103-4CF8-8479-209A09E9A4ED}.Release|Any CPU.Build.0 = Release|Any CPU
		{FA3C6688-F75B-45C9-AB4A-D4DEDA986431}.Debug|Any CPU.ActiveCfg = Debug|Any CPU
		{FA3C6688-F75B-45C9-AB4A-D4DEDA986431}.Debug|Any CPU.Build.0 = Debug|Any CPU
		{FA3C6688-F75B-45C9-AB4A-D4DEDA986431}.Release|Any CPU.ActiveCfg = Release|Any CPU
		{FA3C6688-F75B-45C9-AB4A-D4DEDA986431}.Release|Any CPU.Build.0 = Release|Any CPU
		{F0C5DE58-F533-46ED-BD92-920DF0175698}.Debug|Any CPU.ActiveCfg = Debug|Any CPU
		{F0C5DE58-F533-46ED-BD92-920DF0175698}.Debug|Any CPU.Build.0 = Debug|Any CPU
		{F0C5DE58-F533-46ED-BD92-920DF0175698}.Release|Any CPU.ActiveCfg = Release|Any CPU
		{F0C5DE58-F533-46ED-BD92-920DF0175698}.Release|Any CPU.Build.0 = Release|Any CPU
		{D1D24FAD-DA4C-49AA-8E6D-0309359857E3}.Debug|Any CPU.ActiveCfg = Debug|Any CPU
		{D1D24FAD-DA4C-49AA-8E6D-0309359857E3}.Debug|Any CPU.Build.0 = Debug|Any CPU
		{D1D24FAD-DA4C-49AA-8E6D-0309359857E3}.Release|Any CPU.ActiveCfg = Release|Any CPU
		{D1D24FAD-DA4C-49AA-8E6D-0309359857E3}.Release|Any CPU.Build.0 = Release|Any CPU
	EndGlobalSection
	GlobalSection(SolutionProperties) = preSolution
		HideSolutionNode = FALSE
	EndGlobalSection
	GlobalSection(ExtensibilityGlobals) = postSolution
		SolutionGuid = {EBB68A8F-F8A7-4CFE-894E-B03FB7F1B3DB}
	EndGlobalSection
EndGlobal
